{
  "name": "mergeide",
  "version": "0.1.0",
  "lockfileVersion": 3,
  "requires": true,
  "packages": {
    "": {
      "name": "mergeide",
      "version": "0.1.0",
      "bin": {
        "mergeide": "bin/mergeide.js"
      },
      "engines": {
        "node": ">=18.17.0",
        "vscode": "^1.90.0"
      }
    }
  }
}
